// !$*UTF8*$!
{
	archiveVersion = 1;
	classes = {
	};
	objectVersion = 56;
	objects = {

/* Begin PBXBuildFile section */
		EE43D79A28E5B019001B8CAC /* CategoryLabel.swift in Sources */ = {isa = PBXBuildFile; fileRef = EE43D79928E5B019001B8CAC /* CategoryLabel.swift */; };
		EE43D79E28E6D770001B8CAC /* UserView.swift in Sources */ = {isa = PBXBuildFile; fileRef = EE43D79D28E6D770001B8CAC /* UserView.swift */; };
		EE43D7A828E9B067001B8CAC /* User.swift in Sources */ = {isa = PBXBuildFile; fileRef = EE43D7A728E9B067001B8CAC /* User.swift */; };
		EE43D7AA28E9B4F9001B8CAC /* StartScreen.swift in Sources */ = {isa = PBXBuildFile; fileRef = EE43D7A928E9B4F9001B8CAC /* StartScreen.swift */; };
		EE43D7AE28EAE4F7001B8CAC /* CategoryButton.swift in Sources */ = {isa = PBXBuildFile; fileRef = EE43D7AD28EAE4F7001B8CAC /* CategoryButton.swift */; };
		EE43D7B128EB6634001B8CAC /* PieChartView.swift in Sources */ = {isa = PBXBuildFile; fileRef = EE43D7B028EB6634001B8CAC /* PieChartView.swift */; };
		EE43D7B328EB6E1B001B8CAC /* PieChartSlice.swift in Sources */ = {isa = PBXBuildFile; fileRef = EE43D7B228EB6E1B001B8CAC /* PieChartSlice.swift */; };
		EE43D7B628EB7DA4001B8CAC /* ChartView.swift in Sources */ = {isa = PBXBuildFile; fileRef = EE43D7B528EB7DA4001B8CAC /* ChartView.swift */; };
		EE43D7B828EC882B001B8CAC /* CategoryOverview.swift in Sources */ = {isa = PBXBuildFile; fileRef = EE43D7B728EC882B001B8CAC /* CategoryOverview.swift */; };
		EE43D7BB28EC8A51001B8CAC /* CategoryView.swift in Sources */ = {isa = PBXBuildFile; fileRef = EE43D7BA28EC8A51001B8CAC /* CategoryView.swift */; };
		EE43D7BD28ECDB53001B8CAC /* ModelData.swift in Sources */ = {isa = PBXBuildFile; fileRef = EE43D7BC28ECDB53001B8CAC /* ModelData.swift */; };
		EE50B11728E36E7400FF3261 /* OepinionApp.swift in Sources */ = {isa = PBXBuildFile; fileRef = EE50B11628E36E7400FF3261 /* OepinionApp.swift */; };
		EE50B11928E36E7400FF3261 /* ContentView.swift in Sources */ = {isa = PBXBuildFile; fileRef = EE50B11828E36E7400FF3261 /* ContentView.swift */; };
		EE50B11B28E36E7400FF3261 /* Assets.xcassets in Resources */ = {isa = PBXBuildFile; fileRef = EE50B11A28E36E7400FF3261 /* Assets.xcassets */; };
		EE50B11E28E36E7400FF3261 /* Preview Assets.xcassets in Resources */ = {isa = PBXBuildFile; fileRef = EE50B11D28E36E7400FF3261 /* Preview Assets.xcassets */; };
		EE50B12828E36E7500FF3261 /* OepinionTests.swift in Sources */ = {isa = PBXBuildFile; fileRef = EE50B12728E36E7500FF3261 /* OepinionTests.swift */; };
		EE50B13228E36E7500FF3261 /* OepinionUITests.swift in Sources */ = {isa = PBXBuildFile; fileRef = EE50B13128E36E7500FF3261 /* OepinionUITests.swift */; };
		EE50B13428E36E7500FF3261 /* OepinionUITestsLaunchTests.swift in Sources */ = {isa = PBXBuildFile; fileRef = EE50B13328E36E7500FF3261 /* OepinionUITestsLaunchTests.swift */; };
		EE50B14528E3713500FF3261 /* Question.swift in Sources */ = {isa = PBXBuildFile; fileRef = EE50B14428E3713500FF3261 /* Question.swift */; };
		EE50B14728E3733100FF3261 /* ResultsView.swift in Sources */ = {isa = PBXBuildFile; fileRef = EE50B14628E3733100FF3261 /* ResultsView.swift */; };
		EE50B14928E37E8D00FF3261 /* Survey.swift in Sources */ = {isa = PBXBuildFile; fileRef = EE50B14828E37E8D00FF3261 /* Survey.swift */; };
		EE50B14D28E470E800FF3261 /* QuestionView.swift in Sources */ = {isa = PBXBuildFile; fileRef = EE50B14C28E470E800FF3261 /* QuestionView.swift */; };
		EE50B14F28E473B900FF3261 /* TopicsList.swift in Sources */ = {isa = PBXBuildFile; fileRef = EE50B14E28E473B900FF3261 /* TopicsList.swift */; };
		EE50B15128E47A5E00FF3261 /* QuestionItem.swift in Sources */ = {isa = PBXBuildFile; fileRef = EE50B15028E47A5E00FF3261 /* QuestionItem.swift */; };
		EE50B15328E4932300FF3261 /* QuestionRow.swift in Sources */ = {isa = PBXBuildFile; fileRef = EE50B15228E4932300FF3261 /* QuestionRow.swift */; };
/* End PBXBuildFile section */

/* Begin PBXContainerItemProxy section */
		EE50B12428E36E7500FF3261 /* PBXContainerItemProxy */ = {
			isa = PBXContainerItemProxy;
			containerPortal = EE50B10B28E36E7400FF3261 /* Project object */;
			proxyType = 1;
			remoteGlobalIDString = EE50B11228E36E7400FF3261;
			remoteInfo = Oepinion;
		};
		EE50B12E28E36E7500FF3261 /* PBXContainerItemProxy */ = {
			isa = PBXContainerItemProxy;
			containerPortal = EE50B10B28E36E7400FF3261 /* Project object */;
			proxyType = 1;
			remoteGlobalIDString = EE50B11228E36E7400FF3261;
			remoteInfo = Oepinion;
		};
/* End PBXContainerItemProxy section */

/* Begin PBXFileReference section */
		EE43D79928E5B019001B8CAC /* CategoryLabel.swift */ = {isa = PBXFileReference; lastKnownFileType = sourcecode.swift; path = CategoryLabel.swift; sourceTree = "<group>"; };
		EE43D79D28E6D770001B8CAC /* UserView.swift */ = {isa = PBXFileReference; lastKnownFileType = sourcecode.swift; path = UserView.swift; sourceTree = "<group>"; };
		EE43D7A728E9B067001B8CAC /* User.swift */ = {isa = PBXFileReference; lastKnownFileType = sourcecode.swift; path = User.swift; sourceTree = "<group>"; };
		EE43D7A928E9B4F9001B8CAC /* StartScreen.swift */ = {isa = PBXFileReference; lastKnownFileType = sourcecode.swift; path = StartScreen.swift; sourceTree = "<group>"; };
		EE43D7AD28EAE4F7001B8CAC /* CategoryButton.swift */ = {isa = PBXFileReference; lastKnownFileType = sourcecode.swift; path = CategoryButton.swift; sourceTree = "<group>"; };
		EE43D7B028EB6634001B8CAC /* PieChartView.swift */ = {isa = PBXFileReference; lastKnownFileType = sourcecode.swift; path = PieChartView.swift; sourceTree = "<group>"; };
		EE43D7B228EB6E1B001B8CAC /* PieChartSlice.swift */ = {isa = PBXFileReference; lastKnownFileType = sourcecode.swift; path = PieChartSlice.swift; sourceTree = "<group>"; };
		EE43D7B528EB7DA4001B8CAC /* ChartView.swift */ = {isa = PBXFileReference; lastKnownFileType = sourcecode.swift; path = ChartView.swift; sourceTree = "<group>"; };
		EE43D7B728EC882B001B8CAC /* CategoryOverview.swift */ = {isa = PBXFileReference; lastKnownFileType = sourcecode.swift; path = CategoryOverview.swift; sourceTree = "<group>"; };
		EE43D7BA28EC8A51001B8CAC /* CategoryView.swift */ = {isa = PBXFileReference; lastKnownFileType = sourcecode.swift; path = CategoryView.swift; sourceTree = "<group>"; };
		EE43D7BC28ECDB53001B8CAC /* ModelData.swift */ = {isa = PBXFileReference; lastKnownFileType = sourcecode.swift; path = ModelData.swift; sourceTree = "<group>"; };
		EE50B11328E36E7400FF3261 /* Oepinion.app */ = {isa = PBXFileReference; explicitFileType = wrapper.application; includeInIndex = 0; path = Oepinion.app; sourceTree = BUILT_PRODUCTS_DIR; };
		EE50B11628E36E7400FF3261 /* OepinionApp.swift */ = {isa = PBXFileReference; lastKnownFileType = sourcecode.swift; path = OepinionApp.swift; sourceTree = "<group>"; };
		EE50B11828E36E7400FF3261 /* ContentView.swift */ = {isa = PBXFileReference; lastKnownFileType = sourcecode.swift; path = ContentView.swift; sourceTree = "<group>"; };
		EE50B11A28E36E7400FF3261 /* Assets.xcassets */ = {isa = PBXFileReference; lastKnownFileType = folder.assetcatalog; path = Assets.xcassets; sourceTree = "<group>"; };
		EE50B11D28E36E7400FF3261 /* Preview Assets.xcassets */ = {isa = PBXFileReference; lastKnownFileType = folder.assetcatalog; path = "Preview Assets.xcassets"; sourceTree = "<group>"; };
		EE50B12328E36E7500FF3261 /* OepinionTests.xctest */ = {isa = PBXFileReference; explicitFileType = wrapper.cfbundle; includeInIndex = 0; path = OepinionTests.xctest; sourceTree = BUILT_PRODUCTS_DIR; };
		EE50B12728E36E7500FF3261 /* OepinionTests.swift */ = {isa = PBXFileReference; lastKnownFileType = sourcecode.swift; path = OepinionTests.swift; sourceTree = "<group>"; };
		EE50B12D28E36E7500FF3261 /* OepinionUITests.xctest */ = {isa = PBXFileReference; explicitFileType = wrapper.cfbundle; includeInIndex = 0; path = OepinionUITests.xctest; sourceTree = BUILT_PRODUCTS_DIR; };
		EE50B13128E36E7500FF3261 /* OepinionUITests.swift */ = {isa = PBXFileReference; lastKnownFileType = sourcecode.swift; path = OepinionUITests.swift; sourceTree = "<group>"; };
		EE50B13328E36E7500FF3261 /* OepinionUITestsLaunchTests.swift */ = {isa = PBXFileReference; lastKnownFileType = sourcecode.swift; path = OepinionUITestsLaunchTests.swift; sourceTree = "<group>"; };
		EE50B14428E3713500FF3261 /* Question.swift */ = {isa = PBXFileReference; lastKnownFileType = sourcecode.swift; path = Question.swift; sourceTree = "<group>"; };
		EE50B14628E3733100FF3261 /* ResultsView.swift */ = {isa = PBXFileReference; lastKnownFileType = sourcecode.swift; path = ResultsView.swift; sourceTree = "<group>"; };
		EE50B14828E37E8D00FF3261 /* Survey.swift */ = {isa = PBXFileReference; lastKnownFileType = sourcecode.swift; path = Survey.swift; sourceTree = "<group>"; };
		EE50B14C28E470E800FF3261 /* QuestionView.swift */ = {isa = PBXFileReference; lastKnownFileType = sourcecode.swift; path = QuestionView.swift; sourceTree = "<group>"; };
		EE50B14E28E473B900FF3261 /* TopicsList.swift */ = {isa = PBXFileReference; lastKnownFileType = sourcecode.swift; path = TopicsList.swift; sourceTree = "<group>"; };
		EE50B15028E47A5E00FF3261 /* QuestionItem.swift */ = {isa = PBXFileReference; lastKnownFileType = sourcecode.swift; path = QuestionItem.swift; sourceTree = "<group>"; };
		EE50B15228E4932300FF3261 /* QuestionRow.swift */ = {isa = PBXFileReference; lastKnownFileType = sourcecode.swift; path = QuestionRow.swift; sourceTree = "<group>"; };
/* End PBXFileReference section */

/* Begin PBXFrameworksBuildPhase section */
		EE50B11028E36E7400FF3261 /* Frameworks */ = {
			isa = PBXFrameworksBuildPhase;
			buildActionMask = 2147483647;
			files = (
			);
			runOnlyForDeploymentPostprocessing = 0;
		};
		EE50B12028E36E7500FF3261 /* Frameworks */ = {
			isa = PBXFrameworksBuildPhase;
			buildActionMask = 2147483647;
			files = (
			);
			runOnlyForDeploymentPostprocessing = 0;
		};
		EE50B12A28E36E7500FF3261 /* Frameworks */ = {
			isa = PBXFrameworksBuildPhase;
			buildActionMask = 2147483647;
			files = (
			);
			runOnlyForDeploymentPostprocessing = 0;
		};
/* End PBXFrameworksBuildPhase section */

/* Begin PBXGroup section */
		EE43D79B28E63652001B8CAC /* QuestionView */ = {
			isa = PBXGroup;
			children = (
				EE50B14E28E473B900FF3261 /* TopicsList.swift */,
				EE50B15028E47A5E00FF3261 /* QuestionItem.swift */,
			);
			path = QuestionView;
			sourceTree = "<group>";
		};
		EE43D79C28E63668001B8CAC /* Helper Views */ = {
			isa = PBXGroup;
			children = (
				EE43D7AD28EAE4F7001B8CAC /* CategoryButton.swift */,
				EE43D79928E5B019001B8CAC /* CategoryLabel.swift */,
				EE43D7B728EC882B001B8CAC /* CategoryOverview.swift */,
			);
			path = "Helper Views";
			sourceTree = "<group>";
		};
		EE43D7AF28EB6623001B8CAC /* PieChart */ = {
			isa = PBXGroup;
			children = (
				EE43D7B028EB6634001B8CAC /* PieChartView.swift */,
				EE43D7B228EB6E1B001B8CAC /* PieChartSlice.swift */,
			);
			path = PieChart;
			sourceTree = "<group>";
		};
		EE43D7B428EB7D82001B8CAC /* Charts */ = {
			isa = PBXGroup;
			children = (
				EE43D7AF28EB6623001B8CAC /* PieChart */,
				EE43D7B528EB7DA4001B8CAC /* ChartView.swift */,
			);
			path = Charts;
			sourceTree = "<group>";
		};
		EE50B10A28E36E7400FF3261 = {
			isa = PBXGroup;
			children = (
				EE50B11528E36E7400FF3261 /* Oepinion */,
				EE50B12628E36E7500FF3261 /* OepinionTests */,
				EE50B13028E36E7500FF3261 /* OepinionUITests */,
				EE50B11428E36E7400FF3261 /* Products */,
			);
			sourceTree = "<group>";
		};
		EE50B11428E36E7400FF3261 /* Products */ = {
			isa = PBXGroup;
			children = (
				EE50B11328E36E7400FF3261 /* Oepinion.app */,
				EE50B12328E36E7500FF3261 /* OepinionTests.xctest */,
				EE50B12D28E36E7500FF3261 /* OepinionUITests.xctest */,
			);
			name = Products;
			sourceTree = "<group>";
		};
		EE50B11528E36E7400FF3261 /* Oepinion */ = {
			isa = PBXGroup;
			children = (
				EE50B14328E3712400FF3261 /* Model */,
				EE50B14028E3710700FF3261 /* Views */,
				EE50B11628E36E7400FF3261 /* OepinionApp.swift */,
				EE50B11A28E36E7400FF3261 /* Assets.xcassets */,
				EE50B11C28E36E7400FF3261 /* Preview Content */,
			);
			path = Oepinion;
			sourceTree = "<group>";
		};
		EE50B11C28E36E7400FF3261 /* Preview Content */ = {
			isa = PBXGroup;
			children = (
				EE50B11D28E36E7400FF3261 /* Preview Assets.xcassets */,
			);
			path = "Preview Content";
			sourceTree = "<group>";
		};
		EE50B12628E36E7500FF3261 /* OepinionTests */ = {
			isa = PBXGroup;
			children = (
				EE50B12728E36E7500FF3261 /* OepinionTests.swift */,
			);
			path = OepinionTests;
			sourceTree = "<group>";
		};
		EE50B13028E36E7500FF3261 /* OepinionUITests */ = {
			isa = PBXGroup;
			children = (
				EE50B13128E36E7500FF3261 /* OepinionUITests.swift */,
				EE50B13328E36E7500FF3261 /* OepinionUITestsLaunchTests.swift */,
			);
			path = OepinionUITests;
			sourceTree = "<group>";
		};
		EE50B14028E3710700FF3261 /* Views */ = {
			isa = PBXGroup;
			children = (
				EE43D7B428EB7D82001B8CAC /* Charts */,
				EE50B11828E36E7400FF3261 /* ContentView.swift */,
				EE43D79B28E63652001B8CAC /* QuestionView */,
				EE43D79C28E63668001B8CAC /* Helper Views */,
				EE50B14628E3733100FF3261 /* ResultsView.swift */,
				EE50B14C28E470E800FF3261 /* QuestionView.swift */,
				EE50B15228E4932300FF3261 /* QuestionRow.swift */,
				EE43D79D28E6D770001B8CAC /* UserView.swift */,
				EE43D7A928E9B4F9001B8CAC /* StartScreen.swift */,
				EE43D7BA28EC8A51001B8CAC /* CategoryView.swift */,
			);
			path = Views;
			sourceTree = "<group>";
		};
		EE50B14328E3712400FF3261 /* Model */ = {
			isa = PBXGroup;
			children = (
				EE50B14428E3713500FF3261 /* Question.swift */,
				EE50B14828E37E8D00FF3261 /* Survey.swift */,
				EE43D7A728E9B067001B8CAC /* User.swift */,
				EE43D7BC28ECDB53001B8CAC /* ModelData.swift */,
			);
			path = Model;
			sourceTree = "<group>";
		};
/* End PBXGroup section */

/* Begin PBXNativeTarget section */
		EE50B11228E36E7400FF3261 /* Oepinion */ = {
			isa = PBXNativeTarget;
			buildConfigurationList = EE50B13728E36E7500FF3261 /* Build configuration list for PBXNativeTarget "Oepinion" */;
			buildPhases = (
				EE50B10F28E36E7400FF3261 /* Sources */,
				EE50B11028E36E7400FF3261 /* Frameworks */,
				EE50B11128E36E7400FF3261 /* Resources */,
			);
			buildRules = (
			);
			dependencies = (
			);
			name = Oepinion;
			productName = Oepinion;
			productReference = EE50B11328E36E7400FF3261 /* Oepinion.app */;
			productType = "com.apple.product-type.application";
		};
		EE50B12228E36E7500FF3261 /* OepinionTests */ = {
			isa = PBXNativeTarget;
			buildConfigurationList = EE50B13A28E36E7500FF3261 /* Build configuration list for PBXNativeTarget "OepinionTests" */;
			buildPhases = (
				EE50B11F28E36E7500FF3261 /* Sources */,
				EE50B12028E36E7500FF3261 /* Frameworks */,
				EE50B12128E36E7500FF3261 /* Resources */,
			);
			buildRules = (
			);
			dependencies = (
				EE50B12528E36E7500FF3261 /* PBXTargetDependency */,
			);
			name = OepinionTests;
			productName = OepinionTests;
			productReference = EE50B12328E36E7500FF3261 /* OepinionTests.xctest */;
			productType = "com.apple.product-type.bundle.unit-test";
		};
		EE50B12C28E36E7500FF3261 /* OepinionUITests */ = {
			isa = PBXNativeTarget;
			buildConfigurationList = EE50B13D28E36E7500FF3261 /* Build configuration list for PBXNativeTarget "OepinionUITests" */;
			buildPhases = (
				EE50B12928E36E7500FF3261 /* Sources */,
				EE50B12A28E36E7500FF3261 /* Frameworks */,
				EE50B12B28E36E7500FF3261 /* Resources */,
			);
			buildRules = (
			);
			dependencies = (
				EE50B12F28E36E7500FF3261 /* PBXTargetDependency */,
			);
			name = OepinionUITests;
			productName = OepinionUITests;
			productReference = EE50B12D28E36E7500FF3261 /* OepinionUITests.xctest */;
			productType = "com.apple.product-type.bundle.ui-testing";
		};
/* End PBXNativeTarget section */

/* Begin PBXProject section */
		EE50B10B28E36E7400FF3261 /* Project object */ = {
			isa = PBXProject;
			attributes = {
				BuildIndependentTargetsInParallel = 1;
				LastSwiftUpdateCheck = 1400;
				LastUpgradeCheck = 1400;
				TargetAttributes = {
					EE50B11228E36E7400FF3261 = {
						CreatedOnToolsVersion = 14.0;
					};
					EE50B12228E36E7500FF3261 = {
						CreatedOnToolsVersion = 14.0;
						TestTargetID = EE50B11228E36E7400FF3261;
					};
					EE50B12C28E36E7500FF3261 = {
						CreatedOnToolsVersion = 14.0;
						TestTargetID = EE50B11228E36E7400FF3261;
					};
				};
			};
			buildConfigurationList = EE50B10E28E36E7400FF3261 /* Build configuration list for PBXProject "Oepinion" */;
			compatibilityVersion = "Xcode 14.0";
			developmentRegion = en;
			hasScannedForEncodings = 0;
			knownRegions = (
				en,
				Base,
			);
			mainGroup = EE50B10A28E36E7400FF3261;
			productRefGroup = EE50B11428E36E7400FF3261 /* Products */;
			projectDirPath = "";
			projectRoot = "";
			targets = (
				EE50B11228E36E7400FF3261 /* Oepinion */,
				EE50B12228E36E7500FF3261 /* OepinionTests */,
				EE50B12C28E36E7500FF3261 /* OepinionUITests */,
			);
		};
/* End PBXProject section */

/* Begin PBXResourcesBuildPhase section */
		EE50B11128E36E7400FF3261 /* Resources */ = {
			isa = PBXResourcesBuildPhase;
			buildActionMask = 2147483647;
			files = (
				EE50B11E28E36E7400FF3261 /* Preview Assets.xcassets in Resources */,
				EE50B11B28E36E7400FF3261 /* Assets.xcassets in Resources */,
			);
			runOnlyForDeploymentPostprocessing = 0;
		};
		EE50B12128E36E7500FF3261 /* Resources */ = {
			isa = PBXResourcesBuildPhase;
			buildActionMask = 2147483647;
			files = (
			);
			runOnlyForDeploymentPostprocessing = 0;
		};
		EE50B12B28E36E7500FF3261 /* Resources */ = {
			isa = PBXResourcesBuildPhase;
			buildActionMask = 2147483647;
			files = (
			);
			runOnlyForDeploymentPostprocessing = 0;
		};
/* End PBXResourcesBuildPhase section */

/* Begin PBXSourcesBuildPhase section */
		EE50B10F28E36E7400FF3261 /* Sources */ = {
			isa = PBXSourcesBuildPhase;
			buildActionMask = 2147483647;
			files = (
				EE43D79E28E6D770001B8CAC /* UserView.swift in Sources */,
				EE43D79A28E5B019001B8CAC /* CategoryLabel.swift in Sources */,
				EE43D7B828EC882B001B8CAC /* CategoryOverview.swift in Sources */,
				EE50B15328E4932300FF3261 /* QuestionRow.swift in Sources */,
				EE50B14928E37E8D00FF3261 /* Survey.swift in Sources */,
				EE43D7BB28EC8A51001B8CAC /* CategoryView.swift in Sources */,
				EE43D7AA28E9B4F9001B8CAC /* StartScreen.swift in Sources */,
				EE50B14528E3713500FF3261 /* Question.swift in Sources */,
				EE43D7B128EB6634001B8CAC /* PieChartView.swift in Sources */,
				EE50B14F28E473B900FF3261 /* TopicsList.swift in Sources */,
				EE50B14728E3733100FF3261 /* ResultsView.swift in Sources */,
				EE50B11928E36E7400FF3261 /* ContentView.swift in Sources */,
				EE43D7B628EB7DA4001B8CAC /* ChartView.swift in Sources */,
				EE43D7A828E9B067001B8CAC /* User.swift in Sources */,
				EE50B15128E47A5E00FF3261 /* QuestionItem.swift in Sources */,
				EE43D7AE28EAE4F7001B8CAC /* CategoryButton.swift in Sources */,
				EE50B14D28E470E800FF3261 /* QuestionView.swift in Sources */,
				EE43D7BD28ECDB53001B8CAC /* ModelData.swift in Sources */,
				EE43D7B328EB6E1B001B8CAC /* PieChartSlice.swift in Sources */,
				EE50B11728E36E7400FF3261 /* OepinionApp.swift in Sources */,
			);
			runOnlyForDeploymentPostprocessing = 0;
		};
		EE50B11F28E36E7500FF3261 /* Sources */ = {
			isa = PBXSourcesBuildPhase;
			buildActionMask = 2147483647;
			files = (
				EE50B12828E36E7500FF3261 /* OepinionTests.swift in Sources */,
			);
			runOnlyForDeploymentPostprocessing = 0;
		};
		EE50B12928E36E7500FF3261 /* Sources */ = {
			isa = PBXSourcesBuildPhase;
			buildActionMask = 2147483647;
			files = (
				EE50B13428E36E7500FF3261 /* OepinionUITestsLaunchTests.swift in Sources */,
				EE50B13228E36E7500FF3261 /* OepinionUITests.swift in Sources */,
			);
			runOnlyForDeploymentPostprocessing = 0;
		};
/* End PBXSourcesBuildPhase section */

/* Begin PBXTargetDependency section */
		EE50B12528E36E7500FF3261 /* PBXTargetDependency */ = {
			isa = PBXTargetDependency;
			target = EE50B11228E36E7400FF3261 /* Oepinion */;
			targetProxy = EE50B12428E36E7500FF3261 /* PBXContainerItemProxy */;
		};
		EE50B12F28E36E7500FF3261 /* PBXTargetDependency */ = {
			isa = PBXTargetDependency;
			target = EE50B11228E36E7400FF3261 /* Oepinion */;
			targetProxy = EE50B12E28E36E7500FF3261 /* PBXContainerItemProxy */;
		};
/* End PBXTargetDependency section */

/* Begin XCBuildConfiguration section */
		EE50B13528E36E7500FF3261 /* Debug */ = {
			isa = XCBuildConfiguration;
			buildSettings = {
				ALWAYS_SEARCH_USER_PATHS = NO;
				CLANG_ANALYZER_NONNULL = YES;
				CLANG_ANALYZER_NUMBER_OBJECT_CONVERSION = YES_AGGRESSIVE;
				CLANG_CXX_LANGUAGE_STANDARD = "gnu++20";
				CLANG_ENABLE_MODULES = YES;
				CLANG_ENABLE_OBJC_ARC = YES;
				CLANG_ENABLE_OBJC_WEAK = YES;
				CLANG_WARN_BLOCK_CAPTURE_AUTORELEASING = YES;
				CLANG_WARN_BOOL_CONVERSION = YES;
				CLANG_WARN_COMMA = YES;
				CLANG_WARN_CONSTANT_CONVERSION = YES;
				CLANG_WARN_DEPRECATED_OBJC_IMPLEMENTATIONS = YES;
				CLANG_WARN_DIRECT_OBJC_ISA_USAGE = YES_ERROR;
				CLANG_WARN_DOCUMENTATION_COMMENTS = YES;
				CLANG_WARN_EMPTY_BODY = YES;
				CLANG_WARN_ENUM_CONVERSION = YES;
				CLANG_WARN_INFINITE_RECURSION = YES;
				CLANG_WARN_INT_CONVERSION = YES;
				CLANG_WARN_NON_LITERAL_NULL_CONVERSION = YES;
				CLANG_WARN_OBJC_IMPLICIT_RETAIN_SELF = YES;
				CLANG_WARN_OBJC_LITERAL_CONVERSION = YES;
				CLANG_WARN_OBJC_ROOT_CLASS = YES_ERROR;
				CLANG_WARN_QUOTED_INCLUDE_IN_FRAMEWORK_HEADER = YES;
				CLANG_WARN_RANGE_LOOP_ANALYSIS = YES;
				CLANG_WARN_STRICT_PROTOTYPES = YES;
				CLANG_WARN_SUSPICIOUS_MOVE = YES;
				CLANG_WARN_UNGUARDED_AVAILABILITY = YES_AGGRESSIVE;
				CLANG_WARN_UNREACHABLE_CODE = YES;
				CLANG_WARN__DUPLICATE_METHOD_MATCH = YES;
				COPY_PHASE_STRIP = NO;
				DEBUG_INFORMATION_FORMAT = dwarf;
				ENABLE_STRICT_OBJC_MSGSEND = YES;
				ENABLE_TESTABILITY = YES;
				GCC_C_LANGUAGE_STANDARD = gnu11;
				GCC_DYNAMIC_NO_PIC = NO;
				GCC_NO_COMMON_BLOCKS = YES;
				GCC_OPTIMIZATION_LEVEL = 0;
				GCC_PREPROCESSOR_DEFINITIONS = (
					"DEBUG=1",
					"$(inherited)",
				);
				GCC_WARN_64_TO_32_BIT_CONVERSION = YES;
				GCC_WARN_ABOUT_RETURN_TYPE = YES_ERROR;
				GCC_WARN_UNDECLARED_SELECTOR = YES;
				GCC_WARN_UNINITIALIZED_AUTOS = YES_AGGRESSIVE;
				GCC_WARN_UNUSED_FUNCTION = YES;
				GCC_WARN_UNUSED_VARIABLE = YES;
				IPHONEOS_DEPLOYMENT_TARGET = 16.0;
				MTL_ENABLE_DEBUG_INFO = INCLUDE_SOURCE;
				MTL_FAST_MATH = YES;
				ONLY_ACTIVE_ARCH = YES;
				SDKROOT = iphoneos;
				SWIFT_ACTIVE_COMPILATION_CONDITIONS = DEBUG;
				SWIFT_OPTIMIZATION_LEVEL = "-Onone";
			};
			name = Debug;
		};
		EE50B13628E36E7500FF3261 /* Release */ = {
			isa = XCBuildConfiguration;
			buildSettings = {
				ALWAYS_SEARCH_USER_PATHS = NO;
				CLANG_ANALYZER_NONNULL = YES;
				CLANG_ANALYZER_NUMBER_OBJECT_CONVERSION = YES_AGGRESSIVE;
				CLANG_CXX_LANGUAGE_STANDARD = "gnu++20";
				CLANG_ENABLE_MODULES = YES;
				CLANG_ENABLE_OBJC_ARC = YES;
				CLANG_ENABLE_OBJC_WEAK = YES;
				CLANG_WARN_BLOCK_CAPTURE_AUTORELEASING = YES;
				CLANG_WARN_BOOL_CONVERSION = YES;
				CLANG_WARN_COMMA = YES;
				CLANG_WARN_CONSTANT_CONVERSION = YES;
				CLANG_WARN_DEPRECATED_OBJC_IMPLEMENTATIONS = YES;
				CLANG_WARN_DIRECT_OBJC_ISA_USAGE = YES_ERROR;
				CLANG_WARN_DOCUMENTATION_COMMENTS = YES;
				CLANG_WARN_EMPTY_BODY = YES;
				CLANG_WARN_ENUM_CONVERSION = YES;
				CLANG_WARN_INFINITE_RECURSION = YES;
				CLANG_WARN_INT_CONVERSION = YES;
				CLANG_WARN_NON_LITERAL_NULL_CONVERSION = YES;
				CLANG_WARN_OBJC_IMPLICIT_RETAIN_SELF = YES;
				CLANG_WARN_OBJC_LITERAL_CONVERSION = YES;
				CLANG_WARN_OBJC_ROOT_CLASS = YES_ERROR;
				CLANG_WARN_QUOTED_INCLUDE_IN_FRAMEWORK_HEADER = YES;
				CLANG_WARN_RANGE_LOOP_ANALYSIS = YES;
				CLANG_WARN_STRICT_PROTOTYPES = YES;
				CLANG_WARN_SUSPICIOUS_MOVE = YES;
				CLANG_WARN_UNGUARDED_AVAILABILITY = YES_AGGRESSIVE;
				CLANG_WARN_UNREACHABLE_CODE = YES;
				CLANG_WARN__DUPLICATE_METHOD_MATCH = YES;
				COPY_PHASE_STRIP = NO;
				DEBUG_INFORMATION_FORMAT = "dwarf-with-dsym";
				ENABLE_NS_ASSERTIONS = NO;
				ENABLE_STRICT_OBJC_MSGSEND = YES;
				GCC_C_LANGUAGE_STANDARD = gnu11;
				GCC_NO_COMMON_BLOCKS = YES;
				GCC_WARN_64_TO_32_BIT_CONVERSION = YES;
				GCC_WARN_ABOUT_RETURN_TYPE = YES_ERROR;
				GCC_WARN_UNDECLARED_SELECTOR = YES;
				GCC_WARN_UNINITIALIZED_AUTOS = YES_AGGRESSIVE;
				GCC_WARN_UNUSED_FUNCTION = YES;
				GCC_WARN_UNUSED_VARIABLE = YES;
				IPHONEOS_DEPLOYMENT_TARGET = 16.0;
				MTL_ENABLE_DEBUG_INFO = NO;
				MTL_FAST_MATH = YES;
				SDKROOT = iphoneos;
				SWIFT_COMPILATION_MODE = wholemodule;
				SWIFT_OPTIMIZATION_LEVEL = "-O";
				VALIDATE_PRODUCT = YES;
			};
			name = Release;
		};
		EE50B13828E36E7500FF3261 /* Debug */ = {
			isa = XCBuildConfiguration;
			buildSettings = {
				ASSETCATALOG_COMPILER_APPICON_NAME = AppIcon;
				ASSETCATALOG_COMPILER_GLOBAL_ACCENT_COLOR_NAME = AccentColor;
				CODE_SIGN_STYLE = Automatic;
				CURRENT_PROJECT_VERSION = 1;
				DEVELOPMENT_ASSET_PATHS = "\"Oepinion/Preview Content\"";
				DEVELOPMENT_TEAM = 5FTZ3V88NZ;
				ENABLE_PREVIEWS = YES;
				GENERATE_INFOPLIST_FILE = YES;
				INFOPLIST_KEY_UIApplicationSceneManifest_Generation = YES;
				INFOPLIST_KEY_UIApplicationSupportsIndirectInputEvents = YES;
				INFOPLIST_KEY_UILaunchScreen_Generation = YES;
				INFOPLIST_KEY_UISupportedInterfaceOrientations_iPad = "UIInterfaceOrientationPortrait UIInterfaceOrientationPortraitUpsideDown UIInterfaceOrientationLandscapeLeft UIInterfaceOrientationLandscapeRight";
				INFOPLIST_KEY_UISupportedInterfaceOrientations_iPhone = "UIInterfaceOrientationPortrait UIInterfaceOrientationLandscapeLeft UIInterfaceOrientationLandscapeRight";
				LD_RUNPATH_SEARCH_PATHS = (
					"$(inherited)",
					"@executable_path/Frameworks",
				);
				MARKETING_VERSION = 1.0;
				PRODUCT_BUNDLE_IDENTIFIER = enzokaniewska.Oepinion;
				PRODUCT_NAME = "$(TARGET_NAME)";
				SWIFT_EMIT_LOC_STRINGS = YES;
				SWIFT_VERSION = 5.0;
				TARGETED_DEVICE_FAMILY = "1,2";
			};
			name = Debug;
		};
		EE50B13928E36E7500FF3261 /* Release */ = {
			isa = XCBuildConfiguration;
			buildSettings = {
				ASSETCATALOG_COMPILER_APPICON_NAME = AppIcon;
				ASSETCATALOG_COMPILER_GLOBAL_ACCENT_COLOR_NAME = AccentColor;
				CODE_SIGN_STYLE = Automatic;
				CURRENT_PROJECT_VERSION = 1;
				DEVELOPMENT_ASSET_PATHS = "\"Oepinion/Preview Content\"";
				DEVELOPMENT_TEAM = 5FTZ3V88NZ;
				ENABLE_PREVIEWS = YES;
				GENERATE_INFOPLIST_FILE = YES;
				INFOPLIST_KEY_UIApplicationSceneManifest_Generation = YES;
				INFOPLIST_KEY_UIApplicationSupportsIndirectInputEvents = YES;
				INFOPLIST_KEY_UILaunchScreen_Generation = YES;
				INFOPLIST_KEY_UISupportedInterfaceOrientations_iPad = "UIInterfaceOrientationPortrait UIInterfaceOrientationPortraitUpsideDown UIInterfaceOrientationLandscapeLeft UIInterfaceOrientationLandscapeRight";
				INFOPLIST_KEY_UISupportedInterfaceOrientations_iPhone = "UIInterfaceOrientationPortrait UIInterfaceOrientationLandscapeLeft UIInterfaceOrientationLandscapeRight";
				LD_RUNPATH_SEARCH_PATHS = (
					"$(inherited)",
					"@executable_path/Frameworks",
				);
				MARKETING_VERSION = 1.0;
				PRODUCT_BUNDLE_IDENTIFIER = enzokaniewska.Oepinion;
				PRODUCT_NAME = "$(TARGET_NAME)";
				SWIFT_EMIT_LOC_STRINGS = YES;
				SWIFT_VERSION = 5.0;
				TARGETED_DEVICE_FAMILY = "1,2";
			};
			name = Release;
		};
		EE50B13B28E36E7500FF3261 /* Debug */ = {
			isa = XCBuildConfiguration;
			buildSettings = {
				ALWAYS_EMBED_SWIFT_STANDARD_LIBRARIES = YES;
				BUNDLE_LOADER = "$(TEST_HOST)";
				CODE_SIGN_STYLE = Automatic;
				CURRENT_PROJECT_VERSION = 1;
				DEVELOPMENT_TEAM = 5FTZ3V88NZ;
				GENERATE_INFOPLIST_FILE = YES;
				IPHONEOS_DEPLOYMENT_TARGET = 16.0;
				MARKETING_VERSION = 1.0;
				PRODUCT_BUNDLE_IDENTIFIER = enzokaniewska.OepinionTests;
				PRODUCT_NAME = "$(TARGET_NAME)";
				SWIFT_EMIT_LOC_STRINGS = NO;
				SWIFT_VERSION = 5.0;
				TARGETED_DEVICE_FAMILY = "1,2";
				TEST_HOST = "$(BUILT_PRODUCTS_DIR)/Oepinion.app/$(BUNDLE_EXECUTABLE_FOLDER_PATH)/Oepinion";
			};
			name = Debug;
		};
		EE50B13C28E36E7500FF3261 /* Release */ = {
			isa = XCBuildConfiguration;
			buildSettings = {
				ALWAYS_EMBED_SWIFT_STANDARD_LIBRARIES = YES;
				BUNDLE_LOADER = "$(TEST_HOST)";
				CODE_SIGN_STYLE = Automatic;
				CURRENT_PROJECT_VERSION = 1;
				DEVELOPMENT_TEAM = 5FTZ3V88NZ;
				GENERATE_INFOPLIST_FILE = YES;
				IPHONEOS_DEPLOYMENT_TARGET = 16.0;
				MARKETING_VERSION = 1.0;
				PRODUCT_BUNDLE_IDENTIFIER = enzokaniewska.OepinionTests;
				PRODUCT_NAME = "$(TARGET_NAME)";
				SWIFT_EMIT_LOC_STRINGS = NO;
				SWIFT_VERSION = 5.0;
				TARGETED_DEVICE_FAMILY = "1,2";
				TEST_HOST = "$(BUILT_PRODUCTS_DIR)/Oepinion.app/$(BUNDLE_EXECUTABLE_FOLDER_PATH)/Oepinion";
			};
			name = Release;
		};
		EE50B13E28E36E7500FF3261 /* Debug */ = {
			isa = XCBuildConfiguration;
			buildSettings = {
				ALWAYS_EMBED_SWIFT_STANDARD_LIBRARIES = YES;
				CODE_SIGN_STYLE = Automatic;
				CURRENT_PROJECT_VERSION = 1;
				DEVELOPMENT_TEAM = 5FTZ3V88NZ;
				GENERATE_INFOPLIST_FILE = YES;
				MARKETING_VERSION = 1.0;
				PRODUCT_BUNDLE_IDENTIFIER = enzokaniewska.OepinionUITests;
				PRODUCT_NAME = "$(TARGET_NAME)";
				SWIFT_EMIT_LOC_STRINGS = NO;
				SWIFT_VERSION = 5.0;
				TARGETED_DEVICE_FAMILY = "1,2";
				TEST_TARGET_NAME = Oepinion;
			};
			name = Debug;
		};
		EE50B13F28E36E7500FF3261 /* Release */ = {
			isa = XCBuildConfiguration;
			buildSettings = {
				ALWAYS_EMBED_SWIFT_STANDARD_LIBRARIES = YES;
				CODE_SIGN_STYLE = Automatic;
				CURRENT_PROJECT_VERSION = 1;
				DEVELOPMENT_TEAM = 5FTZ3V88NZ;
				GENERATE_INFOPLIST_FILE = YES;
				MARKETING_VERSION = 1.0;
				PRODUCT_BUNDLE_IDENTIFIER = enzokaniewska.OepinionUITests;
				PRODUCT_NAME = "$(TARGET_NAME)";
				SWIFT_EMIT_LOC_STRINGS = NO;
				SWIFT_VERSION = 5.0;
				TARGETED_DEVICE_FAMILY = "1,2";
				TEST_TARGET_NAME = Oepinion;
			};
			name = Release;
		};
/* End XCBuildConfiguration section */

/* Begin XCConfigurationList section */
		EE50B10E28E36E7400FF3261 /* Build configuration list for PBXProject "Oepinion" */ = {
			isa = XCConfigurationList;
			buildConfigurations = (
				EE50B13528E36E7500FF3261 /* Debug */,
				EE50B13628E36E7500FF3261 /* Release */,
			);
			defaultConfigurationIsVisible = 0;
			defaultConfigurationName = Release;
		};
		EE50B13728E36E7500FF3261 /* Build configuration list for PBXNativeTarget "Oepinion" */ = {
			isa = XCConfigurationList;
			buildConfigurations = (
				EE50B13828E36E7500FF3261 /* Debug */,
				EE50B13928E36E7500FF3261 /* Release */,
			);
			defaultConfigurationIsVisible = 0;
			defaultConfigurationName = Release;
		};
		EE50B13A28E36E7500FF3261 /* Build configuration list for PBXNativeTarget "OepinionTests" */ = {
			isa = XCConfigurationList;
			buildConfigurations = (
				EE50B13B28E36E7500FF3261 /* Debug */,
				EE50B13C28E36E7500FF3261 /* Release */,
			);
			defaultConfigurationIsVisible = 0;
			defaultConfigurationName = Release;
		};
		EE50B13D28E36E7500FF3261 /* Build configuration list for PBXNativeTarget "OepinionUITests" */ = {
			isa = XCConfigurationList;
			buildConfigurations = (
				EE50B13E28E36E7500FF3261 /* Debug */,
				EE50B13F28E36E7500FF3261 /* Release */,
			);
			defaultConfigurationIsVisible = 0;
			defaultConfigurationName = Release;
		};
/* End XCConfigurationList section */
	};
	rootObject = EE50B10B28E36E7400FF3261 /* Project object */;
}
